{
  "name": "example",
  "version": "0.0.0",
  "lockfileVersion": 1,
  "requires": true,
  "dependencies": {
    "@awesomeorganization/rewrite-handler": {
      "version": "0.1.5",
      "resolved": "https://registry.npmjs.org/@awesomeorganization/rewrite-handler/-/rewrite-handler-0.1.5.tgz",
      "integrity": "sha512-RLICQztWaUM7VDDTKgBq100ig83Vu1MLm/c94uSqsyGI/rsHH+JsfE7aTPKn4D29taCtKdpbtL3uoK+WoncFRQ=="
    },
    "@awesomeorganization/servers": {
      "version": "0.2.2",
      "resolved": "https://registry.npmjs.org/@awesomeorganization/servers/-/servers-0.2.2.tgz",
      "integrity": "sha512-q/o1Ebww3drrVeWsHjhHrnl8Vxr7A8SFxSiIE0wCQVLPGWXSYe7l3jJ2nd2HqZ3opJI8NKCWNrd/YVOngOoBvg=="
    },
    "@awesomeorganization/static-handler": {
      "version": "0.2.7",
      "resolved": "https://registry.npmjs.org/@awesomeorganization/static-handler/-/static-handler-0.2.7.tgz",
      "integrity": "sha512-19/5yaL7oXAedU7ViQRyP4feZV648447A0F67wi6MSlAOX8Q7DlnGTqdR1kV4qYYL9RddxXseBNwry2HtZuR/g=="
    }
  }
}
