{
  "name": "example",
  "version": "0.0.0",
  "lockfileVersion": 2,
  "requires": true,
  "packages": {
    "": {
      "name": "example",
      "version": "0.0.0",
      "dependencies": {
        "@awesomeorganization/rewrite-handler": "..",
        "@awesomeorganization/servers": "1.0.1",
        "@awesomeorganization/static-handler": "1.4.3"
      }
    },
    "..": {
      "name": "@awesomeorganization/rewrite-handler",
      "version": "1.1.0",
      "license": "MIT",
      "devDependencies": {
        "@awesomeorganization/servers": "1.1.0",
        "eslint-config-prettier": "8.3.0",
        "eslint-plugin-node": "11.1.0",
        "undici": "4.7.0"
      }
    },
    "node_modules/@awesomeorganization/rewrite-handler": {
      "resolved": "..",
      "link": true
    },
    "node_modules/@awesomeorganization/servers": {
      "version": "1.0.1",
      "resolved": "https://registry.npmjs.org/@awesomeorganization/servers/-/servers-1.0.1.tgz",
      "integrity": "sha512-rz4+ZgviSIzwu5q/bUY50jsT/XRiu3FfvUviKTGeU7u5lldp7f/ms94gPv6BhKX8zS5Mzha7gJEhNjz2PawLeA==",
      "peerDependencies": {
        "eslint": "7.24.0",
        "prettier": "2.2.1"
      },
      "peerDependenciesMeta": {
        "eslint": {
          "optional": true
        },
        "prettier": {
          "optional": true
        }
      }
    },
    "node_modules/@awesomeorganization/static-handler": {
      "version": "1.4.3",
      "resolved": "https://registry.npmjs.org/@awesomeorganization/static-handler/-/static-handler-1.4.3.tgz",
      "integrity": "sha512-wprRPS50PGM4ISoucr5nP/FDnLbbtZAnGnNK093HYwyJWn7tjfzZQNQEX0HvFtmNBByNU49gKLj5zsjQEHVuWQ==",
      "engines": {
        "node": ">=11.14.0"
      }
    }
  },
  "dependencies": {
    "@awesomeorganization/rewrite-handler": {
      "version": "file:..",
      "requires": {
        "@awesomeorganization/servers": "1.1.0",
        "eslint-config-prettier": "8.3.0",
        "eslint-plugin-node": "11.1.0",
        "undici": "4.7.0"
      }
    },
    "@awesomeorganization/servers": {
      "version": "1.0.1",
      "resolved": "https://registry.npmjs.org/@awesomeorganization/servers/-/servers-1.0.1.tgz",
      "integrity": "sha512-rz4+ZgviSIzwu5q/bUY50jsT/XRiu3FfvUviKTGeU7u5lldp7f/ms94gPv6BhKX8zS5Mzha7gJEhNjz2PawLeA==",
      "requires": {}
    },
    "@awesomeorganization/static-handler": {
      "version": "1.4.3",
      "resolved": "https://registry.npmjs.org/@awesomeorganization/static-handler/-/static-handler-1.4.3.tgz",
      "integrity": "sha512-wprRPS50PGM4ISoucr5nP/FDnLbbtZAnGnNK093HYwyJWn7tjfzZQNQEX0HvFtmNBByNU49gKLj5zsjQEHVuWQ=="
    }
  }
}
